
Microsoft Visual Studio Solution File, Format Version 12.00
# Visual Studio 14
VisualStudioVersion = 14.0.23107.0
MinimumVisualStudioVersion = 10.0.40219.1
Project("{2150E333-8FDC-42A3-9474-1A3956D46DE8}") = "00-Artefacts", "00-Artefacts", "{5357F6AB-0585-4183-8639-31D86E2F5018}"
EndProject
Project("{F088123C-0E9E-452A-89E6-6BA2F21D5CAC}") = "MeuSindico.Artefacts", "MeuSindico.Artefacts\MeuSindico.Artefacts.modelproj", "{549366B8-5889-4AD7-9FBB-806CAD05A342}"
EndProject
Project("{2150E333-8FDC-42A3-9474-1A3956D46DE8}") = "1-Presentation", "1-Presentation", "{227A0E5E-9B05-4060-AF84-03D07F68B9D8}"
EndProject
Project("{2150E333-8FDC-42A3-9474-1A3956D46DE8}") = "2-Services", "2-Services", "{EF3A6742-A46C-4F1C-A75D-365C3B29D660}"
EndProject
Project("{2150E333-8FDC-42A3-9474-1A3956D46DE8}") = "3-Application", "3-Application", "{78CF0EF3-DD08-4186-8228-70F481CAF518}"
EndProject
Project("{2150E333-8FDC-42A3-9474-1A3956D46DE8}") = "4-Domain", "4-Domain", "{164A47D5-4FE7-4664-83B6-EC57717120F8}"
EndProject
Project("{2150E333-8FDC-42A3-9474-1A3956D46DE8}") = "5-Infrastructure", "5-Infrastructure", "{2EB8B17F-DC17-4B73-A86D-E7E49DA732A9}"
EndProject
Project("{FAE04EC0-301F-11D3-BF4B-00C04F79EFBC}") = "MeuSindico.Domain", "src\MeuSindico.Domain\MeuSindico.Domain.csproj", "{CC3D8911-3F3A-4D72-A1BD-6406A686FCA7}"
EndProject
Project("{2150E333-8FDC-42A3-9474-1A3956D46DE8}") = "5.1 DataBase", "5.1 DataBase", "{8768C71F-6DFC-4EB8-8987-6D365CC6EB99}"
EndProject
Project("{2150E333-8FDC-42A3-9474-1A3956D46DE8}") = "5.2 CrossCutting", "5.2 CrossCutting", "{411FC3B5-DC6A-4ABE-8E7E-22173195BF24}"
EndProject
Project("{2150E333-8FDC-42A3-9474-1A3956D46DE8}") = "5.3 IoC", "5.3 IoC", "{A541FA33-6D26-46A9-845E-F97621450236}"
EndProject
Project("{2150E333-8FDC-42A3-9474-1A3956D46DE8}") = "5.4 Identity", "5.4 Identity", "{B6255F16-F4BD-49E8-A984-E87FF21B1E04}"
EndProject
Project("{2150E333-8FDC-42A3-9474-1A3956D46DE8}") = "3.1 DTO", "3.1 DTO", "{502D0D58-70DB-46B5-9CFA-073EE7F5611C}"
EndProject
Project("{2150E333-8FDC-42A3-9474-1A3956D46DE8}") = "3.2 AutoMapper", "3.2 AutoMapper", "{22AEBC59-ABA4-4CFE-8289-D4CEA25FFA9A}"
EndProject
Project("{2150E333-8FDC-42A3-9474-1A3956D46DE8}") = "1.1 WebPresentation", "1.1 WebPresentation", "{6F02C69D-6707-48D1-BA3C-55FC19884DEE}"
EndProject
Project("{2150E333-8FDC-42A3-9474-1A3956D46DE8}") = "1.2 WebAPI", "1.2 WebAPI", "{FCF799C7-D82D-4270-B388-0B0E8E3510DC}"
EndProject
Project("{FAE04EC0-301F-11D3-BF4B-00C04F79EFBC}") = "MeuSindico.Infrastructure.DataBase.EntityFramework", "src\MeuSindico.Infrastructure.DataBase\MeuSindico.Infrastructure.DataBase.EntityFramework.csproj", "{850C6F6A-4F04-4B29-BF9A-7D48EBFAD361}"
EndProject
Project("{FAE04EC0-301F-11D3-BF4B-00C04F79EFBC}") = "MeuSindico.Infrastructure.IoC.AutoFac", "src\MeuSindico.Infrastructure.IoC.AutoFac\MeuSindico.Infrastructure.IoC.AutoFac.csproj", "{B787E5BB-64BB-47AD-8B3D-56BC09A0C3FB}"
EndProject
Project("{FAE04EC0-301F-11D3-BF4B-00C04F79EFBC}") = "MeuSindico.Infrastructure.Identity", "src\MeuSindico.Infrastructure.Identity\MeuSindico.Infrastructure.Identity.csproj", "{33BEC5D2-1D77-4F32-9D10-DD0D470B3C49}"
EndProject
Project("{8BB2217D-0F2D-49D1-97BC-3654ED321F3B}") = "MeuSindico.Presentation.WebPresentation", "src\MeuSindico.Presentation.WebPresentation\MeuSindico.Presentation.WebPresentation.xproj", "{ECF40C1A-783D-4F5B-B0F6-2CF63AE68034}"
EndProject
Project("{8BB2217D-0F2D-49D1-97BC-3654ED321F3B}") = "MeuSindico.Presentation.WebAPI.Android", "src\MeuSindico.Presentation.WebAPI.Android\MeuSindico.Presentation.WebAPI.Android.xproj", "{B56EBBD1-56A5-4774-9312-B9AA37366C3D}"
EndProject
Project("{8BB2217D-0F2D-49D1-97BC-3654ED321F3B}") = "MeuSindico.Presentation.WebAPI.WindowsPhone", "src\MeuSindico.Presentation.WebAPI.WindowsPhone\MeuSindico.Presentation.WebAPI.WindowsPhone.xproj", "{50B8338D-C1F9-4A20-AF0C-2AC5238EDB91}"
EndProject
Project("{2150E333-8FDC-42A3-9474-1A3956D46DE8}") = "Solution Items", "Solution Items", "{92CC5C65-D94A-4E46-A6A4-206F07B514A6}"
	ProjectSection(SolutionItems) = preProject
		global.json = global.json
	EndProjectSection
EndProject
Project("{FAE04EC0-301F-11D3-BF4B-00C04F79EFBC}") = "MeuSindico.Domain.Test", "src\Tests\MeuSindico.Domain.Test\MeuSindico.Domain.Test.csproj", "{C2E17442-74A5-4A1A-B458-A862DA349B01}"
EndProject
Project("{2150E333-8FDC-42A3-9474-1A3956D46DE8}") = "5.5 Filter", "5.5 Filter", "{8C2E614F-80D0-43F0-A4AF-7E5B6AEE85BD}"
EndProject
Project("{FAE04EC0-301F-11D3-BF4B-00C04F79EFBC}") = "MeuSindico.Infrastructure.Filter", "src\MeuSindico.Infrastructure.Filter\MeuSindico.Infrastructure.Filter.csproj", "{F4D8B28A-ED97-4080-843F-E91E5EC703D0}"
EndProject
Project("{FAE04EC0-301F-11D3-BF4B-00C04F79EFBC}") = "MeuSindico.Application.AutoMapper", "src\MeuSindico.Application.AutoMapper\MeuSindico.Application.AutoMapper.csproj", "{1489D240-E4CA-4781-948F-60DA1E4340AC}"
EndProject
Global
	GlobalSection(SolutionConfigurationPlatforms) = preSolution
		Debug|Any CPU = Debug|Any CPU
		Release|Any CPU = Release|Any CPU
	EndGlobalSection
	GlobalSection(ProjectConfigurationPlatforms) = postSolution
		{549366B8-5889-4AD7-9FBB-806CAD05A342}.Debug|Any CPU.ActiveCfg = Debug|Any CPU
		{549366B8-5889-4AD7-9FBB-806CAD05A342}.Debug|Any CPU.Build.0 = Debug|Any CPU
		{549366B8-5889-4AD7-9FBB-806CAD05A342}.Release|Any CPU.ActiveCfg = Release|Any CPU
		{549366B8-5889-4AD7-9FBB-806CAD05A342}.Release|Any CPU.Build.0 = Release|Any CPU
		{CC3D8911-3F3A-4D72-A1BD-6406A686FCA7}.Debug|Any CPU.ActiveCfg = Debug|Any CPU
		{CC3D8911-3F3A-4D72-A1BD-6406A686FCA7}.Debug|Any CPU.Build.0 = Debug|Any CPU
		{CC3D8911-3F3A-4D72-A1BD-6406A686FCA7}.Release|Any CPU.ActiveCfg = Release|Any CPU
		{CC3D8911-3F3A-4D72-A1BD-6406A686FCA7}.Release|Any CPU.Build.0 = Release|Any CPU
		{850C6F6A-4F04-4B29-BF9A-7D48EBFAD361}.Debug|Any CPU.ActiveCfg = Debug|Any CPU
		{850C6F6A-4F04-4B29-BF9A-7D48EBFAD361}.Debug|Any CPU.Build.0 = Debug|Any CPU
		{850C6F6A-4F04-4B29-BF9A-7D48EBFAD361}.Release|Any CPU.ActiveCfg = Release|Any CPU
		{850C6F6A-4F04-4B29-BF9A-7D48EBFAD361}.Release|Any CPU.Build.0 = Release|Any CPU
		{B787E5BB-64BB-47AD-8B3D-56BC09A0C3FB}.Debug|Any CPU.ActiveCfg = Debug|Any CPU
		{B787E5BB-64BB-47AD-8B3D-56BC09A0C3FB}.Debug|Any CPU.Build.0 = Debug|Any CPU
		{B787E5BB-64BB-47AD-8B3D-56BC09A0C3FB}.Release|Any CPU.ActiveCfg = Release|Any CPU
		{B787E5BB-64BB-47AD-8B3D-56BC09A0C3FB}.Release|Any CPU.Build.0 = Release|Any CPU
		{33BEC5D2-1D77-4F32-9D10-DD0D470B3C49}.Debug|Any CPU.ActiveCfg = Debug|Any CPU
		{33BEC5D2-1D77-4F32-9D10-DD0D470B3C49}.Debug|Any CPU.Build.0 = Debug|Any CPU
		{33BEC5D2-1D77-4F32-9D10-DD0D470B3C49}.Release|Any CPU.ActiveCfg = Release|Any CPU
		{33BEC5D2-1D77-4F32-9D10-DD0D470B3C49}.Release|Any CPU.Build.0 = Release|Any CPU
		{ECF40C1A-783D-4F5B-B0F6-2CF63AE68034}.Debug|Any CPU.ActiveCfg = Debug|Any CPU
		{ECF40C1A-783D-4F5B-B0F6-2CF63AE68034}.Debug|Any CPU.Build.0 = Debug|Any CPU
		{ECF40C1A-783D-4F5B-B0F6-2CF63AE68034}.Release|Any CPU.ActiveCfg = Release|Any CPU
		{ECF40C1A-783D-4F5B-B0F6-2CF63AE68034}.Release|Any CPU.Build.0 = Release|Any CPU
		{B56EBBD1-56A5-4774-9312-B9AA37366C3D}.Debug|Any CPU.ActiveCfg = Debug|Any CPU
		{B56EBBD1-56A5-4774-9312-B9AA37366C3D}.Debug|Any CPU.Build.0 = Debug|Any CPU
		{B56EBBD1-56A5-4774-9312-B9AA37366C3D}.Release|Any CPU.ActiveCfg = Release|Any CPU
		{B56EBBD1-56A5-4774-9312-B9AA37366C3D}.Release|Any CPU.Build.0 = Release|Any CPU
		{50B8338D-C1F9-4A20-AF0C-2AC5238EDB91}.Debug|Any CPU.ActiveCfg = Debug|Any CPU
		{50B8338D-C1F9-4A20-AF0C-2AC5238EDB91}.Debug|Any CPU.Build.0 = Debug|Any CPU
		{50B8338D-C1F9-4A20-AF0C-2AC5238EDB91}.Release|Any CPU.ActiveCfg = Release|Any CPU
		{50B8338D-C1F9-4A20-AF0C-2AC5238EDB91}.Release|Any CPU.Build.0 = Release|Any CPU
		{C2E17442-74A5-4A1A-B458-A862DA349B01}.Debug|Any CPU.ActiveCfg = Debug|Any CPU
		{C2E17442-74A5-4A1A-B458-A862DA349B01}.Debug|Any CPU.Build.0 = Debug|Any CPU
		{C2E17442-74A5-4A1A-B458-A862DA349B01}.Release|Any CPU.ActiveCfg = Release|Any CPU
		{C2E17442-74A5-4A1A-B458-A862DA349B01}.Release|Any CPU.Build.0 = Release|Any CPU
		{F4D8B28A-ED97-4080-843F-E91E5EC703D0}.Debug|Any CPU.ActiveCfg = Debug|Any CPU
		{F4D8B28A-ED97-4080-843F-E91E5EC703D0}.Debug|Any CPU.Build.0 = Debug|Any CPU
		{F4D8B28A-ED97-4080-843F-E91E5EC703D0}.Release|Any CPU.ActiveCfg = Release|Any CPU
		{F4D8B28A-ED97-4080-843F-E91E5EC703D0}.Release|Any CPU.Build.0 = Release|Any CPU
		{1489D240-E4CA-4781-948F-60DA1E4340AC}.Debug|Any CPU.ActiveCfg = Debug|Any CPU
		{1489D240-E4CA-4781-948F-60DA1E4340AC}.Debug|Any CPU.Build.0 = Debug|Any CPU
		{1489D240-E4CA-4781-948F-60DA1E4340AC}.Release|Any CPU.ActiveCfg = Release|Any CPU
		{1489D240-E4CA-4781-948F-60DA1E4340AC}.Release|Any CPU.Build.0 = Release|Any CPU
	EndGlobalSection
	GlobalSection(SolutionProperties) = preSolution
		HideSolutionNode = FALSE
	EndGlobalSection
	GlobalSection(NestedProjects) = preSolution
		{549366B8-5889-4AD7-9FBB-806CAD05A342} = {5357F6AB-0585-4183-8639-31D86E2F5018}
		{CC3D8911-3F3A-4D72-A1BD-6406A686FCA7} = {164A47D5-4FE7-4664-83B6-EC57717120F8}
		{8768C71F-6DFC-4EB8-8987-6D365CC6EB99} = {2EB8B17F-DC17-4B73-A86D-E7E49DA732A9}
		{411FC3B5-DC6A-4ABE-8E7E-22173195BF24} = {2EB8B17F-DC17-4B73-A86D-E7E49DA732A9}
		{A541FA33-6D26-46A9-845E-F97621450236} = {2EB8B17F-DC17-4B73-A86D-E7E49DA732A9}
		{B6255F16-F4BD-49E8-A984-E87FF21B1E04} = {2EB8B17F-DC17-4B73-A86D-E7E49DA732A9}
		{502D0D58-70DB-46B5-9CFA-073EE7F5611C} = {78CF0EF3-DD08-4186-8228-70F481CAF518}
		{22AEBC59-ABA4-4CFE-8289-D4CEA25FFA9A} = {78CF0EF3-DD08-4186-8228-70F481CAF518}
		{6F02C69D-6707-48D1-BA3C-55FC19884DEE} = {227A0E5E-9B05-4060-AF84-03D07F68B9D8}
		{FCF799C7-D82D-4270-B388-0B0E8E3510DC} = {227A0E5E-9B05-4060-AF84-03D07F68B9D8}
		{850C6F6A-4F04-4B29-BF9A-7D48EBFAD361} = {8768C71F-6DFC-4EB8-8987-6D365CC6EB99}
		{B787E5BB-64BB-47AD-8B3D-56BC09A0C3FB} = {A541FA33-6D26-46A9-845E-F97621450236}
		{33BEC5D2-1D77-4F32-9D10-DD0D470B3C49} = {B6255F16-F4BD-49E8-A984-E87FF21B1E04}
		{ECF40C1A-783D-4F5B-B0F6-2CF63AE68034} = {6F02C69D-6707-48D1-BA3C-55FC19884DEE}
		{B56EBBD1-56A5-4774-9312-B9AA37366C3D} = {FCF799C7-D82D-4270-B388-0B0E8E3510DC}
		{50B8338D-C1F9-4A20-AF0C-2AC5238EDB91} = {FCF799C7-D82D-4270-B388-0B0E8E3510DC}
		{C2E17442-74A5-4A1A-B458-A862DA349B01} = {164A47D5-4FE7-4664-83B6-EC57717120F8}
		{8C2E614F-80D0-43F0-A4AF-7E5B6AEE85BD} = {2EB8B17F-DC17-4B73-A86D-E7E49DA732A9}
		{F4D8B28A-ED97-4080-843F-E91E5EC703D0} = {8C2E614F-80D0-43F0-A4AF-7E5B6AEE85BD}
		{1489D240-E4CA-4781-948F-60DA1E4340AC} = {22AEBC59-ABA4-4CFE-8289-D4CEA25FFA9A}
	EndGlobalSection
EndGlobal
